
Microsoft Visual Studio Solution File, Format Version 12.00
# Visual Studio Version 16
VisualStudioVersion = 16.0.31112.23
MinimumVisualStudioVersion = 10.0.40219.1
Project("{FAE04EC0-301F-11D3-BF4B-00C04F79EFBC}") = "Task_3", "Task_3\Task_3.csproj", "{28CB822F-4FA7-481E-90BA-659D9320F035}"
EndProject
Global
	GlobalSection(SolutionConfigurationPlatforms) = preSolution
		Debug|Any CPU = Debug|Any CPU
		Release|Any CPU = Release|Any CPU
	EndGlobalSection
	GlobalSection(ProjectConfigurationPlatforms) = postSolution
		{28CB822F-4FA7-481E-90BA-659D9320F035}.Debug|Any CPU.ActiveCfg = Debug|Any CPU
		{28CB822F-4FA7-481E-90BA-659D9320F035}.Debug|Any CPU.Build.0 = Debug|Any CPU
		{28CB822F-4FA7-481E-90BA-659D9320F035}.Release|Any CPU.ActiveCfg = Release|Any CPU
		{28CB822F-4FA7-481E-90BA-659D9320F035}.Release|Any CPU.Build.0 = Release|Any CPU
	EndGlobalSection
	GlobalSection(SolutionProperties) = preSolution
		HideSolutionNode = FALSE
	EndGlobalSection
	GlobalSection(ExtensibilityGlobals) = postSolution
		SolutionGuid = {6DA34AFC-5965-44E7-84AD-90326FCD88C2}
	EndGlobalSection
EndGlobal
